{
  "originHash" : "3cce57dd49f5e0d485a545164d18111cf98688d987ad3e9380f99aba7062b6d2",
  "pins" : [
    {
      "identity" : "setapp-framework",
      "kind" : "remoteSourceControl",
      "location" : "https://github.com/MacPaw/Setapp-framework.git",
      "state" : {
        "revision" : "325aba75c006be6726420907eeb242a35f180e91",
        "version" : "4.2.2"
      }
    }
  ],
  "version" : 3
}
