{
  "pins" : [
    {
      "identity" : "setapp-framework",
      "kind" : "remoteSourceControl",
      "location" : "https://github.com/MacPaw/Setapp-framework.git",
      "state" : {
        "revision" : "822f260a8227e1445b1a8fa46cbcbe9088da29ae",
        "version" : "4.0.2"
      }
    }
  ],
  "version" : 2
}
